
Microsoft Visual Studio Solution File, Format Version 12.00
# Visual Studio Version 16
VisualStudioVersion = 16.0.30907.101
MinimumVisualStudioVersion = 10.0.40219.1
Project("{FAE04EC0-301F-11D3-BF4B-00C04F79EFBC}") = "TorrentCS", "TorrentCS\TorrentCS.csproj", "{2EE16601-F9BF-4C1F-A48E-A36D34834271}"
EndProject
Global
	GlobalSection(SolutionConfigurationPlatforms) = preSolution
		Debug|Any CPU = Debug|Any CPU
		Release|Any CPU = Release|Any CPU
	EndGlobalSection
	GlobalSection(ProjectConfigurationPlatforms) = postSolution
		{2EE16601-F9BF-4C1F-A48E-A36D34834271}.Debug|Any CPU.ActiveCfg = Debug|Any CPU
		{2EE16601-F9BF-4C1F-A48E-A36D34834271}.Debug|Any CPU.Build.0 = Debug|Any CPU
		{2EE16601-F9BF-4C1F-A48E-A36D34834271}.Release|Any CPU.ActiveCfg = Release|Any CPU
		{2EE16601-F9BF-4C1F-A48E-A36D34834271}.Release|Any CPU.Build.0 = Release|Any CPU
	EndGlobalSection
	GlobalSection(SolutionProperties) = preSolution
		HideSolutionNode = FALSE
	EndGlobalSection
	GlobalSection(ExtensibilityGlobals) = postSolution
		SolutionGuid = {1D779050-483B-4A4E-A041-966858620C5B}
	EndGlobalSection
EndGlobal
